# This file was autogenerated by Stack.
# You should not edit this file by hand.
# For more information, please see the documentation at:
#   https://docs.haskellstack.org/en/stable/lock_files

packages:
- completed:
    hackage: MissingH-1.5.0.0@sha256:34df0817c543894b53942852109da1ba7f3f615ca0aded9b9c58bf52d33017e8,4740
    pantry-tree:
      size: 5272
      sha256: e651ec6ac04238ae27e645f5c8316459999bed57c388c459a44c21c58525fba7
  original:
    hackage: MissingH-1.5.0.0
- completed:
    hackage: pipes-text-1.0.0@sha256:0e5201cd499edbcbfb32bec59279938039a094b246c41d2c49c27288509a3e28,3146
    pantry-tree:
      size: 555
      sha256: 2e1f4cd9d6ba296a09b31111a122f1d57392ad8b79251243dbe1915096a63a4b
  original:
    hackage: pipes-text-1.0.0
snapshots:
- completed:
    size: 585392
    url: https://raw.githubusercontent.com/commercialhaskell/stackage-snapshots/master/lts/18/1.yaml
    sha256: 4e4c5e435a2f1c6f3c650f282db0f387f806406ed4fe6ef1aa4e6add9035d065
  original: lts-18.1
